{
  "object": {
    "pins": [
      {
        "package": "MeshGradient",
        "repositoryURL": "https://github.com/Nekitosss/MeshGradient.git",
        "state": {
          "branch": null,
          "revision": "e93762060e160523189d085cd744ebe411c60e42",
          "version": "1.0.0"
        }
      },
      {
        "package": "RandomColor",
        "repositoryURL": "https://github.com/EthanLipnik/RandomColorSwift.git",
        "state": {
          "branch": null,
          "revision": "cb118928dfd40baaa31dc1bd87c97599bcf86d75",
          "version": "2.0.1"
        }
      }
    ]
  },
  "version": 1
}
